Microsoft Visual Studio Solution File, Format Version 11.00
# Visual Studio 2008

Project("{59824CF4-86DB-CD14-C1F6-E6A1A9B0639A}") = "VR Networking", "Assembly-CSharp-firstpass.csproj", "{D6DA8034-0D8B-2760-E61C-2A2A3CBB3CDD}"
EndProject
Project("{59824CF4-86DB-CD14-C1F6-E6A1A9B0639A}") = "VR Networking", "Assembly-CSharp.csproj", "{CC55EC73-F00D-1995-C873-F289B07544BB}"
EndProject
Project("{59824CF4-86DB-CD14-C1F6-E6A1A9B0639A}") = "VR Networking", "Assembly-CSharp-Editor.csproj", "{C5AF5229-2735-FC0D-57B7-88CC0D2637E9}"
EndProject
Global
	GlobalSection(SolutionConfigurationPlatforms) = preSolution
		Debug|Any CPU = Debug|Any CPU
		Release|Any CPU = Release|Any CPU
	EndGlobalSection
	GlobalSection(ProjectConfigurationPlatforms) = postSolution
		{D6DA8034-0D8B-2760-E61C-2A2A3CBB3CDD}.Debug|Any CPU.ActiveCfg = Debug|Any CPU
		{D6DA8034-0D8B-2760-E61C-2A2A3CBB3CDD}.Debug|Any CPU.Build.0 = Debug|Any CPU
		{D6DA8034-0D8B-2760-E61C-2A2A3CBB3CDD}.Release|Any CPU.ActiveCfg = Release|Any CPU
		{D6DA8034-0D8B-2760-E61C-2A2A3CBB3CDD}.Release|Any CPU.Build.0 = Release|Any CPU
		{CC55EC73-F00D-1995-C873-F289B07544BB}.Debug|Any CPU.ActiveCfg = Debug|Any CPU
		{CC55EC73-F00D-1995-C873-F289B07544BB}.Debug|Any CPU.Build.0 = Debug|Any CPU
		{CC55EC73-F00D-1995-C873-F289B07544BB}.Release|Any CPU.ActiveCfg = Release|Any CPU
		{CC55EC73-F00D-1995-C873-F289B07544BB}.Release|Any CPU.Build.0 = Release|Any CPU
		{C5AF5229-2735-FC0D-57B7-88CC0D2637E9}.Debug|Any CPU.ActiveCfg = Debug|Any CPU
		{C5AF5229-2735-FC0D-57B7-88CC0D2637E9}.Debug|Any CPU.Build.0 = Debug|Any CPU
		{C5AF5229-2735-FC0D-57B7-88CC0D2637E9}.Release|Any CPU.ActiveCfg = Release|Any CPU
		{C5AF5229-2735-FC0D-57B7-88CC0D2637E9}.Release|Any CPU.Build.0 = Release|Any CPU
	EndGlobalSection
	GlobalSection(SolutionProperties) = preSolution
		HideSolutionNode = FALSE
	EndGlobalSection
	GlobalSection(MonoDevelopProperties) = preSolution
		StartupItem = Assembly-CSharp.csproj
	EndGlobalSection
EndGlobal
